
Microsoft Visual Studio Solution File, Format Version 12.00
# Visual Studio 15
VisualStudioVersion = 15.0.26730.12
MinimumVisualStudioVersion = 10.0.40219.1
Project("{FAE04EC0-301F-11D3-BF4B-00C04F79EFBC}") = "Parse_CameraDataTo_mfile", "Parse_CameraDataTo_mfile\Parse_CameraDataTo_mfile.csproj", "{050B4ADD-C847-4734-9752-420C05A21131}"
EndProject
Global
	GlobalSection(SolutionConfigurationPlatforms) = preSolution
		Debug|Any CPU = Debug|Any CPU
		Release|Any CPU = Release|Any CPU
	EndGlobalSection
	GlobalSection(ProjectConfigurationPlatforms) = postSolution
		{050B4ADD-C847-4734-9752-420C05A21131}.Debug|Any CPU.ActiveCfg = Debug|Any CPU
		{050B4ADD-C847-4734-9752-420C05A21131}.Debug|Any CPU.Build.0 = Debug|Any CPU
		{050B4ADD-C847-4734-9752-420C05A21131}.Release|Any CPU.ActiveCfg = Release|Any CPU
		{050B4ADD-C847-4734-9752-420C05A21131}.Release|Any CPU.Build.0 = Release|Any CPU
	EndGlobalSection
	GlobalSection(SolutionProperties) = preSolution
		HideSolutionNode = FALSE
	EndGlobalSection
	GlobalSection(ExtensibilityGlobals) = postSolution
		SolutionGuid = {FBB2F4E7-2ED6-4E18-B2FE-30C0FF87B0AC}
	EndGlobalSection
EndGlobal
